
Microsoft Visual Studio Solution File, Format Version 12.00
# Visual Studio Version 16
VisualStudioVersion = 16.0.31105.61
MinimumVisualStudioVersion = 10.0.40219.1
Project("{9A19103F-16F7-4668-BE54-9A1E7A4F7556}") = "QuasarConvoy", "QuasarConvoy\QuasarConvoy.csproj", "{6CE24A4A-9FD7-49F0-A105-46D1C5F757FE}"
EndProject
Global
	GlobalSection(SolutionConfigurationPlatforms) = preSolution
		Debug|Any CPU = Debug|Any CPU
		Release|Any CPU = Release|Any CPU
	EndGlobalSection
	GlobalSection(ProjectConfigurationPlatforms) = postSolution
		{6CE24A4A-9FD7-49F0-A105-46D1C5F757FE}.Debug|Any CPU.ActiveCfg = Debug|Any CPU
		{6CE24A4A-9FD7-49F0-A105-46D1C5F757FE}.Debug|Any CPU.Build.0 = Debug|Any CPU
		{6CE24A4A-9FD7-49F0-A105-46D1C5F757FE}.Release|Any CPU.ActiveCfg = Release|Any CPU
		{6CE24A4A-9FD7-49F0-A105-46D1C5F757FE}.Release|Any CPU.Build.0 = Release|Any CPU
	EndGlobalSection
	GlobalSection(SolutionProperties) = preSolution
		HideSolutionNode = FALSE
	EndGlobalSection
	GlobalSection(ExtensibilityGlobals) = postSolution
		SolutionGuid = {8A9E0C33-AC4C-4CA9-8E3B-A5714CD459BC}
	EndGlobalSection
EndGlobal
